
Microsoft Visual Studio Solution File, Format Version 12.00
# Visual Studio Version 17
VisualStudioVersion = 17.6.33829.357
MinimumVisualStudioVersion = 10.0.40219.1
Project("{FAE04EC0-301F-11D3-BF4B-00C04F79EFBC}") = "P01. Action Print", "P01. Action Print\P01. Action Print.csproj", "{7786E663-920E-43E9-9B4D-778339472528}"
EndProject
Project("{FAE04EC0-301F-11D3-BF4B-00C04F79EFBC}") = "P02. Knights of Honor", "P02. Knights of Honor\P02. Knights of Honor.csproj", "{86C00C51-DC35-4549-A7D3-B16A1379C848}"
EndProject
Project("{FAE04EC0-301F-11D3-BF4B-00C04F79EFBC}") = "P03. Custom Min Function", "P03. Custom Min Function\P03. Custom Min Function.csproj", "{2D8F55AA-88B9-48DB-9F48-A9F9FEFDDE4A}"
EndProject
Project("{FAE04EC0-301F-11D3-BF4B-00C04F79EFBC}") = "P04. Find Evens or Odds", "P04. Find Evens or Odds\P04. Find Evens or Odds.csproj", "{B7137AA9-BD37-420B-9FA5-65CD62C4C296}"
EndProject
Project("{FAE04EC0-301F-11D3-BF4B-00C04F79EFBC}") = "P05. Applied Arithmetics", "P05. Applied Arithmetics\P05. Applied Arithmetics.csproj", "{C59597C2-CB94-4E4F-8801-6E41449966DE}"
EndProject
Global
	GlobalSection(SolutionConfigurationPlatforms) = preSolution
		Debug|Any CPU = Debug|Any CPU
		Release|Any CPU = Release|Any CPU
	EndGlobalSection
	GlobalSection(ProjectConfigurationPlatforms) = postSolution
		{7786E663-920E-43E9-9B4D-778339472528}.Debug|Any CPU.ActiveCfg = Debug|Any CPU
		{7786E663-920E-43E9-9B4D-778339472528}.Debug|Any CPU.Build.0 = Debug|Any CPU
		{7786E663-920E-43E9-9B4D-778339472528}.Release|Any CPU.ActiveCfg = Release|Any CPU
		{7786E663-920E-43E9-9B4D-778339472528}.Release|Any CPU.Build.0 = Release|Any CPU
		{86C00C51-DC35-4549-A7D3-B16A1379C848}.Debug|Any CPU.ActiveCfg = Debug|Any CPU
		{86C00C51-DC35-4549-A7D3-B16A1379C848}.Debug|Any CPU.Build.0 = Debug|Any CPU
		{86C00C51-DC35-4549-A7D3-B16A1379C848}.Release|Any CPU.ActiveCfg = Release|Any CPU
		{86C00C51-DC35-4549-A7D3-B16A1379C848}.Release|Any CPU.Build.0 = Release|Any CPU
		{2D8F55AA-88B9-48DB-9F48-A9F9FEFDDE4A}.Debug|Any CPU.ActiveCfg = Debug|Any CPU
		{2D8F55AA-88B9-48DB-9F48-A9F9FEFDDE4A}.Debug|Any CPU.Build.0 = Debug|Any CPU
		{2D8F55AA-88B9-48DB-9F48-A9F9FEFDDE4A}.Release|Any CPU.ActiveCfg = Release|Any CPU
		{2D8F55AA-88B9-48DB-9F48-A9F9FEFDDE4A}.Release|Any CPU.Build.0 = Release|Any CPU
		{B7137AA9-BD37-420B-9FA5-65CD62C4C296}.Debug|Any CPU.ActiveCfg = Debug|Any CPU
		{B7137AA9-BD37-420B-9FA5-65CD62C4C296}.Debug|Any CPU.Build.0 = Debug|Any CPU
		{B7137AA9-BD37-420B-9FA5-65CD62C4C296}.Release|Any CPU.ActiveCfg = Release|Any CPU
		{B7137AA9-BD37-420B-9FA5-65CD62C4C296}.Release|Any CPU.Build.0 = Release|Any CPU
		{C59597C2-CB94-4E4F-8801-6E41449966DE}.Debug|Any CPU.ActiveCfg = Debug|Any CPU
		{C59597C2-CB94-4E4F-8801-6E41449966DE}.Debug|Any CPU.Build.0 = Debug|Any CPU
		{C59597C2-CB94-4E4F-8801-6E41449966DE}.Release|Any CPU.ActiveCfg = Release|Any CPU
		{C59597C2-CB94-4E4F-8801-6E41449966DE}.Release|Any CPU.Build.0 = Release|Any CPU
	EndGlobalSection
	GlobalSection(SolutionProperties) = preSolution
		HideSolutionNode = FALSE
	EndGlobalSection
	GlobalSection(ExtensibilityGlobals) = postSolution
		SolutionGuid = {EC74A296-D38B-46D1-BF97-8D221B8B6B14}
	EndGlobalSection
EndGlobal
