
Microsoft Visual Studio Solution File, Format Version 12.00
# Visual Studio Version 17
VisualStudioVersion = 17.6.33829.357
MinimumVisualStudioVersion = 10.0.40219.1
Project("{FAE04EC0-301F-11D3-BF4B-00C04F79EFBC}") = "P01. Monster Extermination", "P01. Monster Extermination\P01. Monster Extermination.csproj", "{6225B828-C16C-4974-9EB3-C585AE303A46}"
EndProject
Project("{FAE04EC0-301F-11D3-BF4B-00C04F79EFBC}") = "P02. Delivery Boy", "P02. Delivery Boy\P02. Delivery Boy.csproj", "{DA311F86-580D-4DFF-962B-C853C3EC26F3}"
EndProject
Global
	GlobalSection(SolutionConfigurationPlatforms) = preSolution
		Debug|Any CPU = Debug|Any CPU
		Release|Any CPU = Release|Any CPU
	EndGlobalSection
	GlobalSection(ProjectConfigurationPlatforms) = postSolution
		{6225B828-C16C-4974-9EB3-C585AE303A46}.Debug|Any CPU.ActiveCfg = Debug|Any CPU
		{6225B828-C16C-4974-9EB3-C585AE303A46}.Debug|Any CPU.Build.0 = Debug|Any CPU
		{6225B828-C16C-4974-9EB3-C585AE303A46}.Release|Any CPU.ActiveCfg = Release|Any CPU
		{6225B828-C16C-4974-9EB3-C585AE303A46}.Release|Any CPU.Build.0 = Release|Any CPU
		{DA311F86-580D-4DFF-962B-C853C3EC26F3}.Debug|Any CPU.ActiveCfg = Debug|Any CPU
		{DA311F86-580D-4DFF-962B-C853C3EC26F3}.Debug|Any CPU.Build.0 = Debug|Any CPU
		{DA311F86-580D-4DFF-962B-C853C3EC26F3}.Release|Any CPU.ActiveCfg = Release|Any CPU
		{DA311F86-580D-4DFF-962B-C853C3EC26F3}.Release|Any CPU.Build.0 = Release|Any CPU
	EndGlobalSection
	GlobalSection(SolutionProperties) = preSolution
		HideSolutionNode = FALSE
	EndGlobalSection
	GlobalSection(ExtensibilityGlobals) = postSolution
		SolutionGuid = {C7783BB2-A380-4A9E-9197-ED10FC6B7956}
	EndGlobalSection
EndGlobal
